
Microsoft Visual Studio Solution File, Format Version 12.00
# Visual Studio 15
VisualStudioVersion = 15.0.28010.2036
MinimumVisualStudioVersion = 10.0.40219.1
Project("{FAE04EC0-301F-11D3-BF4B-00C04F79EFBC}") = "Laborator 1", "Laborator 1\Laborator 1.csproj", "{C1166B5C-25A6-47E0-975D-9BDC5B992829}"
EndProject
Global
	GlobalSection(SolutionConfigurationPlatforms) = preSolution
		Debug|Any CPU = Debug|Any CPU
		Release|Any CPU = Release|Any CPU
	EndGlobalSection
	GlobalSection(ProjectConfigurationPlatforms) = postSolution
		{C1166B5C-25A6-47E0-975D-9BDC5B992829}.Debug|Any CPU.ActiveCfg = Debug|Any CPU
		{C1166B5C-25A6-47E0-975D-9BDC5B992829}.Debug|Any CPU.Build.0 = Debug|Any CPU
		{C1166B5C-25A6-47E0-975D-9BDC5B992829}.Release|Any CPU.ActiveCfg = Release|Any CPU
		{C1166B5C-25A6-47E0-975D-9BDC5B992829}.Release|Any CPU.Build.0 = Release|Any CPU
	EndGlobalSection
	GlobalSection(SolutionProperties) = preSolution
		HideSolutionNode = FALSE
	EndGlobalSection
	GlobalSection(ExtensibilityGlobals) = postSolution
		SolutionGuid = {CACCEFA0-26E9-4D5F-AD66-29989C2130B4}
	EndGlobalSection
EndGlobal
